// !$*UTF8*$!
{
	archiveVersion = 1;
	classes = {
	};
	objectVersion = 46;
	objects = {

/* Begin PBXBuildFile section */
		304404241EC36C5500BA1610 /* AppDelegate.swift in Sources */ = {isa = PBXBuildFile; fileRef = 304404231EC36C5500BA1610 /* AppDelegate.swift */; };
		304404261EC36C5500BA1610 /* ViewController.swift in Sources */ = {isa = PBXBuildFile; fileRef = 304404251EC36C5500BA1610 /* ViewController.swift */; };
		304404291EC36C5500BA1610 /* Main.storyboard in Resources */ = {isa = PBXBuildFile; fileRef = 304404271EC36C5500BA1610 /* Main.storyboard */; };
		3044042C1EC36C5500BA1610 /* HDDFilter.xcdatamodeld in Sources */ = {isa = PBXBuildFile; fileRef = 3044042A1EC36C5500BA1610 /* HDDFilter.xcdatamodeld */; };
		3044042E1EC36C5500BA1610 /* Assets.xcassets in Resources */ = {isa = PBXBuildFile; fileRef = 3044042D1EC36C5500BA1610 /* Assets.xcassets */; };
		304404311EC36C5500BA1610 /* LaunchScreen.storyboard in Resources */ = {isa = PBXBuildFile; fileRef = 3044042F1EC36C5500BA1610 /* LaunchScreen.storyboard */; };
		3044043C1EC36C5500BA1610 /* HDDFilterTests.swift in Sources */ = {isa = PBXBuildFile; fileRef = 3044043B1EC36C5500BA1610 /* HDDFilterTests.swift */; };
		304404471EC36C5500BA1610 /* HDDFilterUITests.swift in Sources */ = {isa = PBXBuildFile; fileRef = 304404461EC36C5500BA1610 /* HDDFilterUITests.swift */; };
		304404641EC36E6E00BA1610 /* GPUImage.framework in Frameworks */ = {isa = PBXBuildFile; fileRef = 304404611EC36E5500BA1610 /* GPUImage.framework */; };
		304404661EC36E7900BA1610 /* OpenGLES.framework in Frameworks */ = {isa = PBXBuildFile; fileRef = 304404651EC36E7900BA1610 /* OpenGLES.framework */; };
		304404681EC36E8200BA1610 /* QuartzCore.framework in Frameworks */ = {isa = PBXBuildFile; fileRef = 304404671EC36E8200BA1610 /* QuartzCore.framework */; };
		3044046A1EC36E9000BA1610 /* UIKit.framework in Frameworks */ = {isa = PBXBuildFile; fileRef = 304404691EC36E9000BA1610 /* UIKit.framework */; };
		3044046E1EC36F5100BA1610 /* GPUImage.framework in CopyFiles */ = {isa = PBXBuildFile; fileRef = 304404611EC36E5500BA1610 /* GPUImage.framework */; settings = {ATTRIBUTES = (CodeSignOnCopy, RemoveHeadersOnCopy, ); }; };
/* End PBXBuildFile section */

/* Begin PBXContainerItemProxy section */
		304404381EC36C5500BA1610 /* PBXContainerItemProxy */ = {
			isa = PBXContainerItemProxy;
			containerPortal = 304404181EC36C5500BA1610 /* Project object */;
			proxyType = 1;
			remoteGlobalIDString = 3044041F1EC36C5500BA1610;
			remoteInfo = HDDFilter;
		};
		304404431EC36C5500BA1610 /* PBXContainerItemProxy */ = {
			isa = PBXContainerItemProxy;
			containerPortal = 304404181EC36C5500BA1610 /* Project object */;
			proxyType = 1;
			remoteGlobalIDString = 3044041F1EC36C5500BA1610;
			remoteInfo = HDDFilter;
		};
		3044045C1EC36E5500BA1610 /* PBXContainerItemProxy */ = {
			isa = PBXContainerItemProxy;
			containerPortal = 304404551EC36E5500BA1610 /* GPUImage.xcodeproj */;
			proxyType = 2;
			remoteGlobalIDString = BC6E7CAB1C39A9D8006DF678;
			remoteInfo = GPUImage_macOS;
		};
		3044045E1EC36E5500BA1610 /* PBXContainerItemProxy */ = {
			isa = PBXContainerItemProxy;
			containerPortal = 304404551EC36E5500BA1610 /* GPUImage.xcodeproj */;
			proxyType = 2;
			remoteGlobalIDString = BC6E7CB51C39A9D8006DF678;
			remoteInfo = GPUImageTests_macOS;
		};
		304404601EC36E5500BA1610 /* PBXContainerItemProxy */ = {
			isa = PBXContainerItemProxy;
			containerPortal = 304404551EC36E5500BA1610 /* GPUImage.xcodeproj */;
			proxyType = 2;
			remoteGlobalIDString = BC9E34E91E524A2200B8604F;
			remoteInfo = GPUImage_iOS;
		};
		304404621EC36E5500BA1610 /* PBXContainerItemProxy */ = {
			isa = PBXContainerItemProxy;
			containerPortal = 304404551EC36E5500BA1610 /* GPUImage.xcodeproj */;
			proxyType = 2;
			remoteGlobalIDString = BC9E34F11E524A2200B8604F;
			remoteInfo = GPUImageTests_iOS;
		};
		3044046B1EC36F0400BA1610 /* PBXContainerItemProxy */ = {
			isa = PBXContainerItemProxy;
			containerPortal = 304404551EC36E5500BA1610 /* GPUImage.xcodeproj */;
			proxyType = 1;
			remoteGlobalIDString = BC9E34E81E524A2200B8604F;
			remoteInfo = GPUImage_iOS;
		};
/* End PBXContainerItemProxy section */

/* Begin PBXCopyFilesBuildPhase section */
		3044046D1EC36F2000BA1610 /* CopyFiles */ = {
			isa = PBXCopyFilesBuildPhase;
			buildActionMask = 2147483647;
			dstPath = "";
			dstSubfolderSpec = 10;
			files = (
				3044046E1EC36F5100BA1610 /* GPUImage.framework in CopyFiles */,
			);
			runOnlyForDeploymentPostprocessing = 0;
		};
/* End PBXCopyFilesBuildPhase section */

/* Begin PBXFileReference section */
		304404201EC36C5500BA1610 /* HDDFilter.app */ = {isa = PBXFileReference; explicitFileType = wrapper.application; includeInIndex = 0; path = HDDFilter.app; sourceTree = BUILT_PRODUCTS_DIR; };
		304404231EC36C5500BA1610 /* AppDelegate.swift */ = {isa = PBXFileReference; lastKnownFileType = sourcecode.swift; path = AppDelegate.swift; sourceTree = "<group>"; };
		304404251EC36C5500BA1610 /* ViewController.swift */ = {isa = PBXFileReference; lastKnownFileType = sourcecode.swift; path = ViewController.swift; sourceTree = "<group>"; };
		304404281EC36C5500BA1610 /* Base */ = {isa = PBXFileReference; lastKnownFileType = file.storyboard; name = Base; path = Base.lproj/Main.storyboard; sourceTree = "<group>"; };
		3044042B1EC36C5500BA1610 /* HDDFilter.xcdatamodel */ = {isa = PBXFileReference; lastKnownFileType = wrapper.xcdatamodel; path = HDDFilter.xcdatamodel; sourceTree = "<group>"; };
		3044042D1EC36C5500BA1610 /* Assets.xcassets */ = {isa = PBXFileReference; lastKnownFileType = folder.assetcatalog; path = Assets.xcassets; sourceTree = "<group>"; };
		304404301EC36C5500BA1610 /* Base */ = {isa = PBXFileReference; lastKnownFileType = file.storyboard; name = Base; path = Base.lproj/LaunchScreen.storyboard; sourceTree = "<group>"; };
		304404321EC36C5500BA1610 /* Info.plist */ = {isa = PBXFileReference; lastKnownFileType = text.plist.xml; path = Info.plist; sourceTree = "<group>"; };
		304404371EC36C5500BA1610 /* HDDFilterTests.xctest */ = {isa = PBXFileReference; explicitFileType = wrapper.cfbundle; includeInIndex = 0; path = HDDFilterTests.xctest; sourceTree = BUILT_PRODUCTS_DIR; };
		3044043B1EC36C5500BA1610 /* HDDFilterTests.swift */ = {isa = PBXFileReference; lastKnownFileType = sourcecode.swift; path = HDDFilterTests.swift; sourceTree = "<group>"; };
		3044043D1EC36C5500BA1610 /* Info.plist */ = {isa = PBXFileReference; lastKnownFileType = text.plist.xml; path = Info.plist; sourceTree = "<group>"; };
		304404421EC36C5500BA1610 /* HDDFilterUITests.xctest */ = {isa = PBXFileReference; explicitFileType = wrapper.cfbundle; includeInIndex = 0; path = HDDFilterUITests.xctest; sourceTree = BUILT_PRODUCTS_DIR; };
		304404461EC36C5500BA1610 /* HDDFilterUITests.swift */ = {isa = PBXFileReference; lastKnownFileType = sourcecode.swift; path = HDDFilterUITests.swift; sourceTree = "<group>"; };
		304404481EC36C5500BA1610 /* Info.plist */ = {isa = PBXFileReference; lastKnownFileType = text.plist.xml; path = Info.plist; sourceTree = "<group>"; };
		304404551EC36E5500BA1610 /* GPUImage.xcodeproj */ = {isa = PBXFileReference; lastKnownFileType = "wrapper.pb-project"; name = GPUImage.xcodeproj; path = Frameworks/GPUImage2/framework/GPUImage.xcodeproj; sourceTree = "<group>"; };
		304404651EC36E7900BA1610 /* OpenGLES.framework */ = {isa = PBXFileReference; lastKnownFileType = wrapper.framework; name = OpenGLES.framework; path = System/Library/Frameworks/OpenGLES.framework; sourceTree = SDKROOT; };
		304404671EC36E8200BA1610 /* QuartzCore.framework */ = {isa = PBXFileReference; lastKnownFileType = wrapper.framework; name = QuartzCore.framework; path = System/Library/Frameworks/QuartzCore.framework; sourceTree = SDKROOT; };
		304404691EC36E9000BA1610 /* UIKit.framework */ = {isa = PBXFileReference; lastKnownFileType = wrapper.framework; name = UIKit.framework; path = System/Library/Frameworks/UIKit.framework; sourceTree = SDKROOT; };
/* End PBXFileReference section */

/* Begin PBXFrameworksBuildPhase section */
		3044041D1EC36C5500BA1610 /* Frameworks */ = {
			isa = PBXFrameworksBuildPhase;
			buildActionMask = 2147483647;
			files = (
				3044046A1EC36E9000BA1610 /* UIKit.framework in Frameworks */,
				304404681EC36E8200BA1610 /* QuartzCore.framework in Frameworks */,
				304404661EC36E7900BA1610 /* OpenGLES.framework in Frameworks */,
				304404641EC36E6E00BA1610 /* GPUImage.framework in Frameworks */,
			);
			runOnlyForDeploymentPostprocessing = 0;
		};
		304404341EC36C5500BA1610 /* Frameworks */ = {
			isa = PBXFrameworksBuildPhase;
			buildActionMask = 2147483647;
			files = (
			);
			runOnlyForDeploymentPostprocessing = 0;
		};
		3044043F1EC36C5500BA1610 /* Frameworks */ = {
			isa = PBXFrameworksBuildPhase;
			buildActionMask = 2147483647;
			files = (
			);
			runOnlyForDeploymentPostprocessing = 0;
		};
/* End PBXFrameworksBuildPhase section */

/* Begin PBXGroup section */
		304404171EC36C5500BA1610 = {
			isa = PBXGroup;
			children = (
				304404541EC36D6B00BA1610 /* Frameworks */,
				304404221EC36C5500BA1610 /* HDDFilter */,
				3044043A1EC36C5500BA1610 /* HDDFilterTests */,
				304404451EC36C5500BA1610 /* HDDFilterUITests */,
				304404211EC36C5500BA1610 /* Products */,
			);
			sourceTree = "<group>";
		};
		304404211EC36C5500BA1610 /* Products */ = {
			isa = PBXGroup;
			children = (
				304404201EC36C5500BA1610 /* HDDFilter.app */,
				304404371EC36C5500BA1610 /* HDDFilterTests.xctest */,
				304404421EC36C5500BA1610 /* HDDFilterUITests.xctest */,
			);
			name = Products;
			sourceTree = "<group>";
		};
		304404221EC36C5500BA1610 /* HDDFilter */ = {
			isa = PBXGroup;
			children = (
				304404231EC36C5500BA1610 /* AppDelegate.swift */,
				304404251EC36C5500BA1610 /* ViewController.swift */,
				304404271EC36C5500BA1610 /* Main.storyboard */,
				3044042D1EC36C5500BA1610 /* Assets.xcassets */,
				3044042F1EC36C5500BA1610 /* LaunchScreen.storyboard */,
				304404321EC36C5500BA1610 /* Info.plist */,
				3044042A1EC36C5500BA1610 /* HDDFilter.xcdatamodeld */,
			);
			path = HDDFilter;
			sourceTree = "<group>";
		};
		3044043A1EC36C5500BA1610 /* HDDFilterTests */ = {
			isa = PBXGroup;
			children = (
				3044043B1EC36C5500BA1610 /* HDDFilterTests.swift */,
				3044043D1EC36C5500BA1610 /* Info.plist */,
			);
			path = HDDFilterTests;
			sourceTree = "<group>";
		};
		304404451EC36C5500BA1610 /* HDDFilterUITests */ = {
			isa = PBXGroup;
			children = (
				304404461EC36C5500BA1610 /* HDDFilterUITests.swift */,
				304404481EC36C5500BA1610 /* Info.plist */,
			);
			path = HDDFilterUITests;
			sourceTree = "<group>";
		};
		304404541EC36D6B00BA1610 /* Frameworks */ = {
			isa = PBXGroup;
			children = (
				304404691EC36E9000BA1610 /* UIKit.framework */,
				304404671EC36E8200BA1610 /* QuartzCore.framework */,
				304404651EC36E7900BA1610 /* OpenGLES.framework */,
				304404551EC36E5500BA1610 /* GPUImage.xcodeproj */,
			);
			name = Frameworks;
			sourceTree = "<group>";
		};
		304404561EC36E5500BA1610 /* Products */ = {
			isa = PBXGroup;
			children = (
				3044045D1EC36E5500BA1610 /* GPUImage.framework */,
				3044045F1EC36E5500BA1610 /* GPUImageTests_macOS.xctest */,
				304404611EC36E5500BA1610 /* GPUImage.framework */,
				304404631EC36E5500BA1610 /* GPUImageTests_iOS.xctest */,
			);
			name = Products;
			sourceTree = "<group>";
		};
/* End PBXGroup section */

/* Begin PBXNativeTarget section */
		3044041F1EC36C5500BA1610 /* HDDFilter */ = {
			isa = PBXNativeTarget;
			buildConfigurationList = 3044044B1EC36C5500BA1610 /* Build configuration list for PBXNativeTarget "HDDFilter" */;
			buildPhases = (
				3044041C1EC36C5500BA1610 /* Sources */,
				3044041D1EC36C5500BA1610 /* Frameworks */,
				3044041E1EC36C5500BA1610 /* Resources */,
				3044046D1EC36F2000BA1610 /* CopyFiles */,
			);
			buildRules = (
			);
			dependencies = (
				3044046C1EC36F0400BA1610 /* PBXTargetDependency */,
			);
			name = HDDFilter;
			productName = HDDFilter;
			productReference = 304404201EC36C5500BA1610 /* HDDFilter.app */;
			productType = "com.apple.product-type.application";
		};
		304404361EC36C5500BA1610 /* HDDFilterTests */ = {
			isa = PBXNativeTarget;
			buildConfigurationList = 3044044E1EC36C5500BA1610 /* Build configuration list for PBXNativeTarget "HDDFilterTests" */;
			buildPhases = (
				304404331EC36C5500BA1610 /* Sources */,
				304404341EC36C5500BA1610 /* Frameworks */,
				304404351EC36C5500BA1610 /* Resources */,
			);
			buildRules = (
			);
			dependencies = (
				304404391EC36C5500BA1610 /* PBXTargetDependency */,
			);
			name = HDDFilterTests;
			productName = HDDFilterTests;
			productReference = 304404371EC36C5500BA1610 /* HDDFilterTests.xctest */;
			productType = "com.apple.product-type.bundle.unit-test";
		};
		304404411EC36C5500BA1610 /* HDDFilterUITests */ = {
			isa = PBXNativeTarget;
			buildConfigurationList = 304404511EC36C5500BA1610 /* Build configuration list for PBXNativeTarget "HDDFilterUITests" */;
			buildPhases = (
				3044043E1EC36C5500BA1610 /* Sources */,
				3044043F1EC36C5500BA1610 /* Frameworks */,
				304404401EC36C5500BA1610 /* Resources */,
			);
			buildRules = (
			);
			dependencies = (
				304404441EC36C5500BA1610 /* PBXTargetDependency */,
			);
			name = HDDFilterUITests;
			productName = HDDFilterUITests;
			productReference = 304404421EC36C5500BA1610 /* HDDFilterUITests.xctest */;
			productType = "com.apple.product-type.bundle.ui-testing";
		};
/* End PBXNativeTarget section */

/* Begin PBXProject section */
		304404181EC36C5500BA1610 /* Project object */ = {
			isa = PBXProject;
			attributes = {
				LastSwiftUpdateCheck = 0830;
				LastUpgradeCheck = 0830;
				ORGANIZATIONNAME = muvik;
				TargetAttributes = {
					3044041F1EC36C5500BA1610 = {
						CreatedOnToolsVersion = 8.3.2;
						DevelopmentTeam = V7232SGDNE;
						ProvisioningStyle = Automatic;
					};
					304404361EC36C5500BA1610 = {
						CreatedOnToolsVersion = 8.3.2;
						DevelopmentTeam = V7232SGDNE;
						ProvisioningStyle = Automatic;
						TestTargetID = 3044041F1EC36C5500BA1610;
					};
					304404411EC36C5500BA1610 = {
						CreatedOnToolsVersion = 8.3.2;
						DevelopmentTeam = V7232SGDNE;
						ProvisioningStyle = Automatic;
						TestTargetID = 3044041F1EC36C5500BA1610;
					};
				};
			};
			buildConfigurationList = 3044041B1EC36C5500BA1610 /* Build configuration list for PBXProject "HDDFilter" */;
			compatibilityVersion = "Xcode 3.2";
			developmentRegion = English;
			hasScannedForEncodings = 0;
			knownRegions = (
				en,
				Base,
			);
			mainGroup = 304404171EC36C5500BA1610;
			productRefGroup = 304404211EC36C5500BA1610 /* Products */;
			projectDirPath = "";
			projectReferences = (
				{
					ProductGroup = 304404561EC36E5500BA1610 /* Products */;
					ProjectRef = 304404551EC36E5500BA1610 /* GPUImage.xcodeproj */;
				},
			);
			projectRoot = "";
			targets = (
				3044041F1EC36C5500BA1610 /* HDDFilter */,
				304404361EC36C5500BA1610 /* HDDFilterTests */,
				304404411EC36C5500BA1610 /* HDDFilterUITests */,
			);
		};
/* End PBXProject section */

/* Begin PBXReferenceProxy section */
		3044045D1EC36E5500BA1610 /* GPUImage.framework */ = {
			isa = PBXReferenceProxy;
			fileType = wrapper.framework;
			path = GPUImage.framework;
			remoteRef = 3044045C1EC36E5500BA1610 /* PBXContainerItemProxy */;
			sourceTree = BUILT_PRODUCTS_DIR;
		};
		3044045F1EC36E5500BA1610 /* GPUImageTests_macOS.xctest */ = {
			isa = PBXReferenceProxy;
			fileType = wrapper.cfbundle;
			path = GPUImageTests_macOS.xctest;
			remoteRef = 3044045E1EC36E5500BA1610 /* PBXContainerItemProxy */;
			sourceTree = BUILT_PRODUCTS_DIR;
		};
		304404611EC36E5500BA1610 /* GPUImage.framework */ = {
			isa = PBXReferenceProxy;
			fileType = wrapper.framework;
			path = GPUImage.framework;
			remoteRef = 304404601EC36E5500BA1610 /* PBXContainerItemProxy */;
			sourceTree = BUILT_PRODUCTS_DIR;
		};
		304404631EC36E5500BA1610 /* GPUImageTests_iOS.xctest */ = {
			isa = PBXReferenceProxy;
			fileType = wrapper.cfbundle;
			path = GPUImageTests_iOS.xctest;
			remoteRef = 304404621EC36E5500BA1610 /* PBXContainerItemProxy */;
			sourceTree = BUILT_PRODUCTS_DIR;
		};
/* End PBXReferenceProxy section */

/* Begin PBXResourcesBuildPhase section */
		3044041E1EC36C5500BA1610 /* Resources */ = {
			isa = PBXResourcesBuildPhase;
			buildActionMask = 2147483647;
			files = (
				304404311EC36C5500BA1610 /* LaunchScreen.storyboard in Resources */,
				3044042E1EC36C5500BA1610 /* Assets.xcassets in Resources */,
				304404291EC36C5500BA1610 /* Main.storyboard in Resources */,
			);
			runOnlyForDeploymentPostprocessing = 0;
		};
		304404351EC36C5500BA1610 /* Resources */ = {
			isa = PBXResourcesBuildPhase;
			buildActionMask = 2147483647;
			files = (
			);
			runOnlyForDeploymentPostprocessing = 0;
		};
		304404401EC36C5500BA1610 /* Resources */ = {
			isa = PBXResourcesBuildPhase;
			buildActionMask = 2147483647;
			files = (
			);
			runOnlyForDeploymentPostprocessing = 0;
		};
/* End PBXResourcesBuildPhase section */

/* Begin PBXSourcesBuildPhase section */
		3044041C1EC36C5500BA1610 /* Sources */ = {
			isa = PBXSourcesBuildPhase;
			buildActionMask = 2147483647;
			files = (
				304404261EC36C5500BA1610 /* ViewController.swift in Sources */,
				304404241EC36C5500BA1610 /* AppDelegate.swift in Sources */,
				3044042C1EC36C5500BA1610 /* HDDFilter.xcdatamodeld in Sources */,
			);
			runOnlyForDeploymentPostprocessing = 0;
		};
		304404331EC36C5500BA1610 /* Sources */ = {
			isa = PBXSourcesBuildPhase;
			buildActionMask = 2147483647;
			files = (
				3044043C1EC36C5500BA1610 /* HDDFilterTests.swift in Sources */,
			);
			runOnlyForDeploymentPostprocessing = 0;
		};
		3044043E1EC36C5500BA1610 /* Sources */ = {
			isa = PBXSourcesBuildPhase;
			buildActionMask = 2147483647;
			files = (
				304404471EC36C5500BA1610 /* HDDFilterUITests.swift in Sources */,
			);
			runOnlyForDeploymentPostprocessing = 0;
		};
/* End PBXSourcesBuildPhase section */

/* Begin PBXTargetDependency section */
		304404391EC36C5500BA1610 /* PBXTargetDependency */ = {
			isa = PBXTargetDependency;
			target = 3044041F1EC36C5500BA1610 /* HDDFilter */;
			targetProxy = 304404381EC36C5500BA1610 /* PBXContainerItemProxy */;
		};
		304404441EC36C5500BA1610 /* PBXTargetDependency */ = {
			isa = PBXTargetDependency;
			target = 3044041F1EC36C5500BA1610 /* HDDFilter */;
			targetProxy = 304404431EC36C5500BA1610 /* PBXContainerItemProxy */;
		};
		3044046C1EC36F0400BA1610 /* PBXTargetDependency */ = {
			isa = PBXTargetDependency;
			name = GPUImage_iOS;
			targetProxy = 3044046B1EC36F0400BA1610 /* PBXContainerItemProxy */;
		};
/* End PBXTargetDependency section */

/* Begin PBXVariantGroup section */
		304404271EC36C5500BA1610 /* Main.storyboard */ = {
			isa = PBXVariantGroup;
			children = (
				304404281EC36C5500BA1610 /* Base */,
			);
			name = Main.storyboard;
			sourceTree = "<group>";
		};
		3044042F1EC36C5500BA1610 /* LaunchScreen.storyboard */ = {
			isa = PBXVariantGroup;
			children = (
				304404301EC36C5500BA1610 /* Base */,
			);
			name = LaunchScreen.storyboard;
			sourceTree = "<group>";
		};
/* End PBXVariantGroup section */

/* Begin XCBuildConfiguration section */
		304404491EC36C5500BA1610 /* Debug */ = {
			isa = XCBuildConfiguration;
			buildSettings = {
				ALWAYS_SEARCH_USER_PATHS = NO;
				CLANG_ANALYZER_NONNULL = YES;
				CLANG_ANALYZER_NUMBER_OBJECT_CONVERSION = YES_AGGRESSIVE;
				CLANG_CXX_LANGUAGE_STANDARD = "gnu++0x";
				CLANG_CXX_LIBRARY = "libc++";
				CLANG_ENABLE_MODULES = YES;
				CLANG_ENABLE_OBJC_ARC = YES;
				CLANG_WARN_BOOL_CONVERSION = YES;
				CLANG_WARN_CONSTANT_CONVERSION = YES;
				CLANG_WARN_DIRECT_OBJC_ISA_USAGE = YES_ERROR;
				CLANG_WARN_DOCUMENTATION_COMMENTS = YES;
				CLANG_WARN_EMPTY_BODY = YES;
				CLANG_WARN_ENUM_CONVERSION = YES;
				CLANG_WARN_INFINITE_RECURSION = YES;
				CLANG_WARN_INT_CONVERSION = YES;
				CLANG_WARN_OBJC_ROOT_CLASS = YES_ERROR;
				CLANG_WARN_SUSPICIOUS_MOVE = YES;
				CLANG_WARN_UNREACHABLE_CODE = YES;
				CLANG_WARN__DUPLICATE_METHOD_MATCH = YES;
				"CODE_SIGN_IDENTITY[sdk=iphoneos*]" = "iPhone Developer";
				COPY_PHASE_STRIP = NO;
				DEBUG_INFORMATION_FORMAT = dwarf;
				ENABLE_STRICT_OBJC_MSGSEND = YES;
				ENABLE_TESTABILITY = YES;
				GCC_C_LANGUAGE_STANDARD = gnu99;
				GCC_DYNAMIC_NO_PIC = NO;
				GCC_NO_COMMON_BLOCKS = YES;
				GCC_OPTIMIZATION_LEVEL = 0;
				GCC_PREPROCESSOR_DEFINITIONS = (
					"DEBUG=1",
					"$(inherited)",
				);
				GCC_WARN_64_TO_32_BIT_CONVERSION = YES;
				GCC_WARN_ABOUT_RETURN_TYPE = YES_ERROR;
				GCC_WARN_UNDECLARED_SELECTOR = YES;
				GCC_WARN_UNINITIALIZED_AUTOS = YES_AGGRESSIVE;
				GCC_WARN_UNUSED_FUNCTION = YES;
				GCC_WARN_UNUSED_VARIABLE = YES;
				IPHONEOS_DEPLOYMENT_TARGET = 10.3;
				MTL_ENABLE_DEBUG_INFO = YES;
				ONLY_ACTIVE_ARCH = YES;
				SDKROOT = iphoneos;
				SWIFT_ACTIVE_COMPILATION_CONDITIONS = DEBUG;
				SWIFT_OPTIMIZATION_LEVEL = "-Onone";
				TARGETED_DEVICE_FAMILY = "1,2";
			};
			name = Debug;
		};
		3044044A1EC36C5500BA1610 /* Release */ = {
			isa = XCBuildConfiguration;
			buildSettings = {
				ALWAYS_SEARCH_USER_PATHS = NO;
				CLANG_ANALYZER_NONNULL = YES;
				CLANG_ANALYZER_NUMBER_OBJECT_CONVERSION = YES_AGGRESSIVE;
				CLANG_CXX_LANGUAGE_STANDARD = "gnu++0x";
				CLANG_CXX_LIBRARY = "libc++";
				CLANG_ENABLE_MODULES = YES;
				CLANG_ENABLE_OBJC_ARC = YES;
				CLANG_WARN_BOOL_CONVERSION = YES;
				CLANG_WARN_CONSTANT_CONVERSION = YES;
				CLANG_WARN_DIRECT_OBJC_ISA_USAGE = YES_ERROR;
				CLANG_WARN_DOCUMENTATION_COMMENTS = YES;
				CLANG_WARN_EMPTY_BODY = YES;
				CLANG_WARN_ENUM_CONVERSION = YES;
				CLANG_WARN_INFINITE_RECURSION = YES;
				CLANG_WARN_INT_CONVERSION = YES;
				CLANG_WARN_OBJC_ROOT_CLASS = YES_ERROR;
				CLANG_WARN_SUSPICIOUS_MOVE = YES;
				CLANG_WARN_UNREACHABLE_CODE = YES;
				CLANG_WARN__DUPLICATE_METHOD_MATCH = YES;
				"CODE_SIGN_IDENTITY[sdk=iphoneos*]" = "iPhone Developer";
				COPY_PHASE_STRIP = NO;
				DEBUG_INFORMATION_FORMAT = "dwarf-with-dsym";
				ENABLE_NS_ASSERTIONS = NO;
				ENABLE_STRICT_OBJC_MSGSEND = YES;
				GCC_C_LANGUAGE_STANDARD = gnu99;
				GCC_NO_COMMON_BLOCKS = YES;
				GCC_WARN_64_TO_32_BIT_CONVERSION = YES;
				GCC_WARN_ABOUT_RETURN_TYPE = YES_ERROR;
				GCC_WARN_UNDECLARED_SELECTOR = YES;
				GCC_WARN_UNINITIALIZED_AUTOS = YES_AGGRESSIVE;
				GCC_WARN_UNUSED_FUNCTION = YES;
				GCC_WARN_UNUSED_VARIABLE = YES;
				IPHONEOS_DEPLOYMENT_TARGET = 10.3;
				MTL_ENABLE_DEBUG_INFO = NO;
				SDKROOT = iphoneos;
				SWIFT_OPTIMIZATION_LEVEL = "-Owholemodule";
				TARGETED_DEVICE_FAMILY = "1,2";
				VALIDATE_PRODUCT = YES;
			};
			name = Release;
		};
		3044044C1EC36C5500BA1610 /* Debug */ = {
			isa = XCBuildConfiguration;
			buildSettings = {
				ASSETCATALOG_COMPILER_APPICON_NAME = AppIcon;
				DEVELOPMENT_TEAM = V7232SGDNE;
				INFOPLIST_FILE = HDDFilter/Info.plist;
				LD_RUNPATH_SEARCH_PATHS = "$(inherited) @executable_path/Frameworks";
				PRODUCT_BUNDLE_IDENTIFIER = com.xkeam.HDDFilter;
				PRODUCT_NAME = "$(TARGET_NAME)";
				SWIFT_VERSION = 3.0;
			};
			name = Debug;
		};
		3044044D1EC36C5500BA1610 /* Release */ = {
			isa = XCBuildConfiguration;
			buildSettings = {
				ASSETCATALOG_COMPILER_APPICON_NAME = AppIcon;
				DEVELOPMENT_TEAM = V7232SGDNE;
				INFOPLIST_FILE = HDDFilter/Info.plist;
				LD_RUNPATH_SEARCH_PATHS = "$(inherited) @executable_path/Frameworks";
				PRODUCT_BUNDLE_IDENTIFIER = com.xkeam.HDDFilter;
				PRODUCT_NAME = "$(TARGET_NAME)";
				SWIFT_VERSION = 3.0;
			};
			name = Release;
		};
		3044044F1EC36C5500BA1610 /* Debug */ = {
			isa = XCBuildConfiguration;
			buildSettings = {
				ALWAYS_EMBED_SWIFT_STANDARD_LIBRARIES = YES;
				BUNDLE_LOADER = "$(TEST_HOST)";
				DEVELOPMENT_TEAM = V7232SGDNE;
				INFOPLIST_FILE = HDDFilterTests/Info.plist;
				LD_RUNPATH_SEARCH_PATHS = "$(inherited) @executable_path/Frameworks @loader_path/Frameworks";
				PRODUCT_BUNDLE_IDENTIFIER = com.xkeam.HDDFilterTests;
				PRODUCT_NAME = "$(TARGET_NAME)";
				SWIFT_VERSION = 3.0;
				TEST_HOST = "$(BUILT_PRODUCTS_DIR)/HDDFilter.app/HDDFilter";
			};
			name = Debug;
		};
		304404501EC36C5500BA1610 /* Release */ = {
			isa = XCBuildConfiguration;
			buildSettings = {
				ALWAYS_EMBED_SWIFT_STANDARD_LIBRARIES = YES;
				BUNDLE_LOADER = "$(TEST_HOST)";
				DEVELOPMENT_TEAM = V7232SGDNE;
				INFOPLIST_FILE = HDDFilterTests/Info.plist;
				LD_RUNPATH_SEARCH_PATHS = "$(inherited) @executable_path/Frameworks @loader_path/Frameworks";
				PRODUCT_BUNDLE_IDENTIFIER = com.xkeam.HDDFilterTests;
				PRODUCT_NAME = "$(TARGET_NAME)";
				SWIFT_VERSION = 3.0;
				TEST_HOST = "$(BUILT_PRODUCTS_DIR)/HDDFilter.app/HDDFilter";
			};
			name = Release;
		};
		304404521EC36C5500BA1610 /* Debug */ = {
			isa = XCBuildConfiguration;
			buildSettings = {
				ALWAYS_EMBED_SWIFT_STANDARD_LIBRARIES = YES;
				DEVELOPMENT_TEAM = V7232SGDNE;
				INFOPLIST_FILE = HDDFilterUITests/Info.plist;
				LD_RUNPATH_SEARCH_PATHS = "$(inherited) @executable_path/Frameworks @loader_path/Frameworks";
				PRODUCT_BUNDLE_IDENTIFIER = com.xkeam.HDDFilterUITests;
				PRODUCT_NAME = "$(TARGET_NAME)";
				SWIFT_VERSION = 3.0;
				TEST_TARGET_NAME = HDDFilter;
			};
			name = Debug;
		};
		304404531EC36C5500BA1610 /* Release */ = {
			isa = XCBuildConfiguration;
			buildSettings = {
				ALWAYS_EMBED_SWIFT_STANDARD_LIBRARIES = YES;
				DEVELOPMENT_TEAM = V7232SGDNE;
				INFOPLIST_FILE = HDDFilterUITests/Info.plist;
				LD_RUNPATH_SEARCH_PATHS = "$(inherited) @executable_path/Frameworks @loader_path/Frameworks";
				PRODUCT_BUNDLE_IDENTIFIER = com.xkeam.HDDFilterUITests;
				PRODUCT_NAME = "$(TARGET_NAME)";
				SWIFT_VERSION = 3.0;
				TEST_TARGET_NAME = HDDFilter;
			};
			name = Release;
		};
/* End XCBuildConfiguration section */

/* Begin XCConfigurationList section */
		3044041B1EC36C5500BA1610 /* Build configuration list for PBXProject "HDDFilter" */ = {
			isa = XCConfigurationList;
			buildConfigurations = (
				304404491EC36C5500BA1610 /* Debug */,
				3044044A1EC36C5500BA1610 /* Release */,
			);
			defaultConfigurationIsVisible = 0;
			defaultConfigurationName = Release;
		};
		3044044B1EC36C5500BA1610 /* Build configuration list for PBXNativeTarget "HDDFilter" */ = {
			isa = XCConfigurationList;
			buildConfigurations = (
				3044044C1EC36C5500BA1610 /* Debug */,
				3044044D1EC36C5500BA1610 /* Release */,
			);
			defaultConfigurationIsVisible = 0;
		};
		3044044E1EC36C5500BA1610 /* Build configuration list for PBXNativeTarget "HDDFilterTests" */ = {
			isa = XCConfigurationList;
			buildConfigurations = (
				3044044F1EC36C5500BA1610 /* Debug */,
				304404501EC36C5500BA1610 /* Release */,
			);
			defaultConfigurationIsVisible = 0;
		};
		304404511EC36C5500BA1610 /* Build configuration list for PBXNativeTarget "HDDFilterUITests" */ = {
			isa = XCConfigurationList;
			buildConfigurations = (
				304404521EC36C5500BA1610 /* Debug */,
				304404531EC36C5500BA1610 /* Release */,
			);
			defaultConfigurationIsVisible = 0;
		};
/* End XCConfigurationList section */

/* Begin XCVersionGroup section */
		3044042A1EC36C5500BA1610 /* HDDFilter.xcdatamodeld */ = {
			isa = XCVersionGroup;
			children = (
				3044042B1EC36C5500BA1610 /* HDDFilter.xcdatamodel */,
			);
			currentVersion = 3044042B1EC36C5500BA1610 /* HDDFilter.xcdatamodel */;
			path = HDDFilter.xcdatamodeld;
			sourceTree = "<group>";
			versionGroupType = wrapper.xcdatamodel;
		};
/* End XCVersionGroup section */
	};
	rootObject = 304404181EC36C5500BA1610 /* Project object */;
}
